{
  "object": {
    "pins": [
      {
        "package": "LightChart",
        "repositoryURL": "https://github.com/pichukov/LightChart",
        "state": {
          "branch": "master",
          "revision": "c5e097a63611f4b80686afcd0643a51131ce8378",
          "version": null
        }
      }
    ]
  },
  "version": 1
}
